
Microsoft Visual Studio Solution File, Format Version 12.00
# Visual Studio 15
VisualStudioVersion = 15.0.28010.2036
MinimumVisualStudioVersion = 10.0.40219.1
Project("{8BC9CEB8-8B4A-11D0-8D11-00A0C91BC942}") = "RISK_01", "RISK_01\RISK_01.vcxproj", "{93C82DAF-99A9-47E2-91C2-EA27CE650B64}"
EndProject
Global
	GlobalSection(SolutionConfigurationPlatforms) = preSolution
		Debug|x64 = Debug|x64
		Debug|x86 = Debug|x86
		Release|x64 = Release|x64
		Release|x86 = Release|x86
	EndGlobalSection
	GlobalSection(ProjectConfigurationPlatforms) = postSolution
		{93C82DAF-99A9-47E2-91C2-EA27CE650B64}.Debug|x64.ActiveCfg = Debug|x64
		{93C82DAF-99A9-47E2-91C2-EA27CE650B64}.Debug|x64.Build.0 = Debug|x64
		{93C82DAF-99A9-47E2-91C2-EA27CE650B64}.Debug|x86.ActiveCfg = Debug|Win32
		{93C82DAF-99A9-47E2-91C2-EA27CE650B64}.Debug|x86.Build.0 = Debug|Win32
		{93C82DAF-99A9-47E2-91C2-EA27CE650B64}.Release|x64.ActiveCfg = Release|x64
		{93C82DAF-99A9-47E2-91C2-EA27CE650B64}.Release|x64.Build.0 = Release|x64
		{93C82DAF-99A9-47E2-91C2-EA27CE650B64}.Release|x86.ActiveCfg = Release|Win32
		{93C82DAF-99A9-47E2-91C2-EA27CE650B64}.Release|x86.Build.0 = Release|Win32
	EndGlobalSection
	GlobalSection(SolutionProperties) = preSolution
		HideSolutionNode = FALSE
	EndGlobalSection
	GlobalSection(ExtensibilityGlobals) = postSolution
		SolutionGuid = {62D044E7-1698-40E0-A7F8-B4B763F5F5ED}
	EndGlobalSection
EndGlobal
